
Microsoft Visual Studio Solution File, Format Version 12.00
# Visual Studio 2012
Project("{FAE04EC0-301F-11D3-BF4B-00C04F79EFBC}") = "FastBoundedFib", "FastBoundedFib\FastBoundedFib.csproj", "{7085472E-3B2D-4D7A-8E15-FCED654B271E}"
EndProject
Global
	GlobalSection(SolutionConfigurationPlatforms) = preSolution
		Debug|Any CPU = Debug|Any CPU
		Release|Any CPU = Release|Any CPU
	EndGlobalSection
	GlobalSection(ProjectConfigurationPlatforms) = postSolution
		{7085472E-3B2D-4D7A-8E15-FCED654B271E}.Debug|Any CPU.ActiveCfg = Debug|Any CPU
		{7085472E-3B2D-4D7A-8E15-FCED654B271E}.Debug|Any CPU.Build.0 = Debug|Any CPU
		{7085472E-3B2D-4D7A-8E15-FCED654B271E}.Release|Any CPU.ActiveCfg = Release|Any CPU
		{7085472E-3B2D-4D7A-8E15-FCED654B271E}.Release|Any CPU.Build.0 = Release|Any CPU
	EndGlobalSection
	GlobalSection(SolutionProperties) = preSolution
		HideSolutionNode = FALSE
	EndGlobalSection
EndGlobal
